
Microsoft Visual Studio Solution File, Format Version 12.00
# Visual Studio 15
VisualStudioVersion = 15.0.27428.2043
MinimumVisualStudioVersion = 10.0.40219.1
Project("{FAE04EC0-301F-11D3-BF4B-00C04F79EFBC}") = "WindowsFormsApp1", "WindowsFormsApp1\WindowsFormsApp1.csproj", "{EECE3EB4-AB9F-41A4-AFFE-3AAB4FCCC2DC}"
EndProject
Global
	GlobalSection(SolutionConfigurationPlatforms) = preSolution
		Debug|Any CPU = Debug|Any CPU
		Release|Any CPU = Release|Any CPU
	EndGlobalSection
	GlobalSection(ProjectConfigurationPlatforms) = postSolution
		{EECE3EB4-AB9F-41A4-AFFE-3AAB4FCCC2DC}.Debug|Any CPU.ActiveCfg = Debug|Any CPU
		{EECE3EB4-AB9F-41A4-AFFE-3AAB4FCCC2DC}.Debug|Any CPU.Build.0 = Debug|Any CPU
		{EECE3EB4-AB9F-41A4-AFFE-3AAB4FCCC2DC}.Release|Any CPU.ActiveCfg = Release|Any CPU
		{EECE3EB4-AB9F-41A4-AFFE-3AAB4FCCC2DC}.Release|Any CPU.Build.0 = Release|Any CPU
	EndGlobalSection
	GlobalSection(SolutionProperties) = preSolution
		HideSolutionNode = FALSE
	EndGlobalSection
	GlobalSection(ExtensibilityGlobals) = postSolution
		SolutionGuid = {A2814F17-D9AA-404A-9AE0-EEADD845F386}
	EndGlobalSection
EndGlobal
