
Microsoft Visual Studio Solution File, Format Version 12.00
# Visual Studio 15
VisualStudioVersion = 15.0.27703.2042
MinimumVisualStudioVersion = 10.0.40219.1
Project("{FAE04EC0-301F-11D3-BF4B-00C04F79EFBC}") = "Homework2", "Homework2\Homework2.csproj", "{2D0A4C03-351D-42E0-B7E3-BFDE1AD7AAF0}"
EndProject
Global
	GlobalSection(SolutionConfigurationPlatforms) = preSolution
		Debug|Any CPU = Debug|Any CPU
		Release|Any CPU = Release|Any CPU
	EndGlobalSection
	GlobalSection(ProjectConfigurationPlatforms) = postSolution
		{2D0A4C03-351D-42E0-B7E3-BFDE1AD7AAF0}.Debug|Any CPU.ActiveCfg = Debug|Any CPU
		{2D0A4C03-351D-42E0-B7E3-BFDE1AD7AAF0}.Debug|Any CPU.Build.0 = Debug|Any CPU
		{2D0A4C03-351D-42E0-B7E3-BFDE1AD7AAF0}.Release|Any CPU.ActiveCfg = Release|Any CPU
		{2D0A4C03-351D-42E0-B7E3-BFDE1AD7AAF0}.Release|Any CPU.Build.0 = Release|Any CPU
	EndGlobalSection
	GlobalSection(SolutionProperties) = preSolution
		HideSolutionNode = FALSE
	EndGlobalSection
	GlobalSection(ExtensibilityGlobals) = postSolution
		SolutionGuid = {3ABD931F-2627-415C-9964-849EA3E8D784}
	EndGlobalSection
EndGlobal
